<?xml version="1.0" encoding="utf-8"?>
<Project ToolsVersion="4.0" xmlns="http://schemas.microsoft.com/developer/msbuild/2003">
  <ItemGroup>
    <Filter Include="Source Files">
      <UniqueIdentifier>{4FC737F1-C7A5-4376-A066-2A32D752A2FF}</UniqueIdentifier>
      <Extensions>cpp;c;cc;cxx;def;odl;idl;hpj;bat;asm;asmx</Extensions>
    </Filter>
    <Filter Include="Header Files">
      <UniqueIdentifier>{93995380-89BD-4b04-88EB-625FBE52EBFB}</UniqueIdentifier>
      <Extensions>h;hpp;hxx;hm;inl;inc;xsd</Extensions>
    </Filter>
    <Filter Include="Resource Files">
      <UniqueIdentifier>{67DA6AB6-F800-4c08-8B7A-83BB121AAD01}</UniqueIdentifier>
      <Extensions>rc;ico;cur;bmp;dlg;rc2;rct;bin;rgs;gif;jpg;jpeg;jpe;resx;tiff;tif;png;wav</Extensions>
    </Filter>
  </ItemGroup>
  <ItemGroup>
    <ClCompile Include="BaslerCamera.cpp">
      <Filter>Source Files</Filter>
    </ClCompile>
    <ClCompile Include="CarmAVT.cpp">
      <Filter>Source Files</Filter>
    </ClCompile>
    <ClCompile Include="CmdRun.cpp">
      <Filter>Source Files</Filter>
    </ClCompile>
    <ClCompile Include="ColorButton.cpp">
      <Filter>Source Files</Filter>
    </ClCompile>
    <ClCompile Include="ComPort.cpp">
      <Filter>Source Files</Filter>
    </ClCompile>
    <ClCompile Include="convert.cpp">
      <Filter>Source Files</Filter>
    </ClCompile>
    <ClCompile Include="DHCamera.cpp">
      <Filter>Source Files</Filter>
    </ClCompile>
    <ClCompile Include="DlgAlignNeedle.cpp">
      <Filter>Source Files</Filter>
    </ClCompile>
    <ClCompile Include="DlgAutoAlign.cpp">
      <Filter>Source Files</Filter>
    </ClCompile>
    <ClCompile Include="DlgAutoNeedle.cpp">
      <Filter>Source Files</Filter>
    </ClCompile>
    <ClCompile Include="DlgBlobSet.cpp">
      <Filter>Source Files</Filter>
    </ClCompile>
    <ClCompile Include="DlgCameraAdj.cpp">
      <Filter>Source Files</Filter>
    </ClCompile>
    <ClCompile Include="DlgCameraLaser.cpp">
      <Filter>Source Files</Filter>
    </ClCompile>
    <ClCompile Include="DlgConfigure.cpp">
      <Filter>Source Files</Filter>
    </ClCompile>
    <ClCompile Include="DlgCtrl.cpp">
      <Filter>Source Files</Filter>
    </ClCompile>
    <ClCompile Include="DlgCustom.cpp">
      <Filter>Source Files</Filter>
    </ClCompile>
    <ClCompile Include="DlgDebugHeight.cpp">
      <Filter>Source Files</Filter>
    </ClCompile>
    <ClCompile Include="DlgDebugNeedle.cpp">
      <Filter>Source Files</Filter>
    </ClCompile>
    <ClCompile Include="DlgDetectBase.cpp">
      <Filter>Source Files</Filter>
    </ClCompile>
    <ClCompile Include="DlgDetectCalib.cpp">
      <Filter>Source Files</Filter>
    </ClCompile>
    <ClCompile Include="DlgDownCam.cpp">
      <Filter>Source Files</Filter>
    </ClCompile>
    <ClCompile Include="DlgHeight.cpp">
      <Filter>Source Files</Filter>
    </ClCompile>
    <ClCompile Include="DlgHeightCalib.cpp">
      <Filter>Source Files</Filter>
    </ClCompile>
    <ClCompile Include="DlgHeightPosition.cpp">
      <Filter>Source Files</Filter>
    </ClCompile>
    <ClCompile Include="DlgImagePosition.cpp">
      <Filter>Source Files</Filter>
    </ClCompile>
    <ClCompile Include="DlgIOCtrl.cpp">
      <Filter>Source Files</Filter>
    </ClCompile>
    <ClCompile Include="DlgLabel.cpp">
      <Filter>Source Files</Filter>
    </ClCompile>
    <ClCompile Include="DlgLogin.cpp">
      <Filter>Source Files</Filter>
    </ClCompile>
    <ClCompile Include="DlgManualAlign.cpp">
      <Filter>Source Files</Filter>
    </ClCompile>
    <ClCompile Include="DlgMarkSet.cpp">
      <Filter>Source Files</Filter>
    </ClCompile>
    <ClCompile Include="DlgMaterialCode.cpp">
      <Filter>Source Files</Filter>
    </ClCompile>
    <ClCompile Include="DlgNeedle.cpp">
      <Filter>Source Files</Filter>
    </ClCompile>
    <ClCompile Include="DlgNeedleAdjust.cpp">
      <Filter>Source Files</Filter>
    </ClCompile>
    <ClCompile Include="DlgNeedleCamera.cpp">
      <Filter>Source Files</Filter>
    </ClCompile>
    <ClCompile Include="DlgNeedleOne.cpp">
      <Filter>Source Files</Filter>
    </ClCompile>
    <ClCompile Include="DlgNeedleOneAdjust.cpp">
      <Filter>Source Files</Filter>
    </ClCompile>
    <ClCompile Include="DlgNeedleThree.cpp">
      <Filter>Source Files</Filter>
    </ClCompile>
    <ClCompile Include="DlgNeedleThreeAdjust.cpp">
      <Filter>Source Files</Filter>
    </ClCompile>
    <ClCompile Include="DlgNeedleTwo.cpp">
      <Filter>Source Files</Filter>
    </ClCompile>
    <ClCompile Include="DlgNeedleTwoAdjust.cpp">
      <Filter>Source Files</Filter>
    </ClCompile>
    <ClCompile Include="DlgPadDetect.cpp">
      <Filter>Source Files</Filter>
    </ClCompile>
    <ClCompile Include="DlgPattern.cpp">
      <Filter>Source Files</Filter>
    </ClCompile>
    <ClCompile Include="DlgPosInfo.cpp">
      <Filter>Source Files</Filter>
    </ClCompile>
    <ClCompile Include="DlgPrompt.cpp">
      <Filter>Source Files</Filter>
    </ClCompile>
    <ClCompile Include="DlgProudSet.cpp">
      <Filter>Source Files</Filter>
    </ClCompile>
    <ClCompile Include="DlgRCD.cpp">
      <Filter>Source Files</Filter>
    </ClCompile>
    <ClCompile Include="DlgRepair.cpp">
      <Filter>Source Files</Filter>
    </ClCompile>
    <ClCompile Include="DlgRunInfo.cpp">
      <Filter>Source Files</Filter>
    </ClCompile>
    <ClCompile Include="DlgSetMark.cpp">
      <Filter>Source Files</Filter>
    </ClCompile>
    <ClCompile Include="DlgSetPosition.cpp">
      <Filter>Source Files</Filter>
    </ClCompile>
    <ClCompile Include="DlgURLPrompt.cpp">
      <Filter>Source Files</Filter>
    </ClCompile>
    <ClCompile Include="DlgValveHeat.cpp">
      <Filter>Source Files</Filter>
    </ClCompile>
    <ClCompile Include="EncryptOp.cpp">
      <Filter>Source Files</Filter>
    </ClCompile>
    <ClCompile Include="Function.cpp">
      <Filter>Source Files</Filter>
    </ClCompile>
    <ClCompile Include="GTS400Ex.cpp">
      <Filter>Source Files</Filter>
    </ClCompile>
    <ClCompile Include="ImgMarkGeoSet.cpp">
      <Filter>Source Files</Filter>
    </ClCompile>
    <ClCompile Include="ImgStatic.cpp">
      <Filter>Source Files</Filter>
    </ClCompile>
    <ClCompile Include="JogButton.cpp">
      <Filter>Source Files</Filter>
    </ClCompile>
    <ClCompile Include="KShvdh.cpp">
      <Filter>Source Files</Filter>
    </ClCompile>
    <ClCompile Include="LogFile.cpp">
      <Filter>Source Files</Filter>
    </ClCompile>
    <ClCompile Include="MainFrm.cpp">
      <Filter>Source Files</Filter>
    </ClCompile>
    <ClCompile Include="MilApp.cpp">
      <Filter>Source Files</Filter>
    </ClCompile>
    <ClCompile Include="MyButton.cpp">
      <Filter>Source Files</Filter>
    </ClCompile>
    <ClCompile Include="OutputWnd.cpp">
      <Filter>Source Files</Filter>
    </ClCompile>
    <ClCompile Include="PageFactory.cpp">
      <Filter>Source Files</Filter>
    </ClCompile>
    <ClCompile Include="PagePLC.cpp">
      <Filter>Source Files</Filter>
    </ClCompile>
    <ClCompile Include="PointGreyCam.cpp">
      <Filter>Source Files</Filter>
    </ClCompile>
    <ClCompile Include="PropertiesWnd.cpp">
      <Filter>Source Files</Filter>
    </ClCompile>
    <ClCompile Include="SerialPort.cpp">
      <Filter>Source Files</Filter>
    </ClCompile>
    <ClCompile Include="SocketUdp.cpp">
      <Filter>Source Files</Filter>
    </ClCompile>
    <ClCompile Include="stdafx.cpp">
      <Filter>Source Files</Filter>
    </ClCompile>
    <ClCompile Include="StsStatic.cpp">
      <Filter>Source Files</Filter>
    </ClCompile>
    <ClCompile Include="TimeUtil.cpp">
      <Filter>Source Files</Filter>
    </ClCompile>
    <ClCompile Include="Ts_DhCamera.cpp">
      <Filter>Source Files</Filter>
    </ClCompile>
    <ClCompile Include="TSCtrlSys.cpp">
      <Filter>Source Files</Filter>
    </ClCompile>
    <ClCompile Include="TSCtrlSysDoc.cpp">
      <Filter>Source Files</Filter>
    </ClCompile>
    <ClCompile Include="TSCtrlSysView.cpp">
      <Filter>Source Files</Filter>
    </ClCompile>
    <ClCompile Include="UserManage.cpp">
      <Filter>Source Files</Filter>
    </ClCompile>
    <ClCompile Include="UserRegister.cpp">
      <Filter>Source Files</Filter>
    </ClCompile>
    <ClCompile Include="V9Control.cpp">
      <Filter>Source Files</Filter>
    </ClCompile>
    <ClCompile Include="V9Param.cpp">
      <Filter>Source Files</Filter>
    </ClCompile>
    <ClCompile Include="XPButton.cpp">
      <Filter>Source Files</Filter>
    </ClCompile>
  </ItemGroup>
  <ItemGroup>
    <ClInclude Include="BaslerCamera.h">
      <Filter>Header Files</Filter>
    </ClInclude>
    <ClInclude Include="CameraConfiguration.h">
      <Filter>Header Files</Filter>
    </ClInclude>
    <ClInclude Include="CarmAVT.h">
      <Filter>Header Files</Filter>
    </ClInclude>
    <ClInclude Include="CmdRun.h">
      <Filter>Header Files</Filter>
    </ClInclude>
    <ClInclude Include="ColorButton.h">
      <Filter>Header Files</Filter>
    </ClInclude>
    <ClInclude Include="ComPort.h">
      <Filter>Header Files</Filter>
    </ClInclude>
    <ClInclude Include="convert.h">
      <Filter>Header Files</Filter>
    </ClInclude>
    <ClInclude Include="defineProject.h">
      <Filter>Header Files</Filter>
    </ClInclude>
    <ClInclude Include="DHCamera.h">
      <Filter>Header Files</Filter>
    </ClInclude>
    <ClInclude Include="DlgAlignNeedle.h">
      <Filter>Header Files</Filter>
    </ClInclude>
    <ClInclude Include="DlgAutoAlign.h">
      <Filter>Header Files</Filter>
    </ClInclude>
    <ClInclude Include="DlgAutoNeedle.h">
      <Filter>Header Files</Filter>
    </ClInclude>
    <ClInclude Include="DlgBlobSet.h">
      <Filter>Header Files</Filter>
    </ClInclude>
    <ClInclude Include="DlgCameraAdj.h">
      <Filter>Header Files</Filter>
    </ClInclude>
    <ClInclude Include="DlgCameraLaser.h">
      <Filter>Header Files</Filter>
    </ClInclude>
    <ClInclude Include="DlgConfigure.h">
      <Filter>Header Files</Filter>
    </ClInclude>
    <ClInclude Include="DlgCtrl.h">
      <Filter>Header Files</Filter>
    </ClInclude>
    <ClInclude Include="DlgCustom.h">
      <Filter>Header Files</Filter>
    </ClInclude>
    <ClInclude Include="DlgDebugHeight.h">
      <Filter>Header Files</Filter>
    </ClInclude>
    <ClInclude Include="DlgDebugNeedle.h">
      <Filter>Header Files</Filter>
    </ClInclude>
    <ClInclude Include="DlgDetectBase.h">
      <Filter>Header Files</Filter>
    </ClInclude>
    <ClInclude Include="DlgDetectCalib.h">
      <Filter>Header Files</Filter>
    </ClInclude>
    <ClInclude Include="DlgDownCam.h">
      <Filter>Header Files</Filter>
    </ClInclude>
    <ClInclude Include="DlgHeight.h">
      <Filter>Header Files</Filter>
    </ClInclude>
    <ClInclude Include="DlgHeightCalib.h">
      <Filter>Header Files</Filter>
    </ClInclude>
    <ClInclude Include="DlgHeightPosition.h">
      <Filter>Header Files</Filter>
    </ClInclude>
    <ClInclude Include="DlgImagePosition.h">
      <Filter>Header Files</Filter>
    </ClInclude>
    <ClInclude Include="DlgIOCtrl.h">
      <Filter>Header Files</Filter>
    </ClInclude>
    <ClInclude Include="DlgLabel.h">
      <Filter>Header Files</Filter>
    </ClInclude>
    <ClInclude Include="DlgLogin.h">
      <Filter>Header Files</Filter>
    </ClInclude>
    <ClInclude Include="DlgManualAlign.h">
      <Filter>Header Files</Filter>
    </ClInclude>
    <ClInclude Include="DlgMarkSet.h">
      <Filter>Header Files</Filter>
    </ClInclude>
    <ClInclude Include="DlgMaterialCode.h">
      <Filter>Header Files</Filter>
    </ClInclude>
    <ClInclude Include="DlgNeedle.h">
      <Filter>Header Files</Filter>
    </ClInclude>
    <ClInclude Include="DlgNeedleAdjust.h">
      <Filter>Header Files</Filter>
    </ClInclude>
    <ClInclude Include="DlgNeedleCamera.h">
      <Filter>Header Files</Filter>
    </ClInclude>
    <ClInclude Include="DlgNeedleOne.h">
      <Filter>Header Files</Filter>
    </ClInclude>
    <ClInclude Include="DlgNeedleOneAdjust.h">
      <Filter>Header Files</Filter>
    </ClInclude>
    <ClInclude Include="DlgNeedleThree.h">
      <Filter>Header Files</Filter>
    </ClInclude>
    <ClInclude Include="DlgNeedleThreeAdjust.h">
      <Filter>Header Files</Filter>
    </ClInclude>
    <ClInclude Include="DlgNeedleTwo.h">
      <Filter>Header Files</Filter>
    </ClInclude>
    <ClInclude Include="DlgNeedleTwoAdjust.h">
      <Filter>Header Files</Filter>
    </ClInclude>
    <ClInclude Include="DlgPadDetect.h">
      <Filter>Header Files</Filter>
    </ClInclude>
    <ClInclude Include="DlgPattern.h">
      <Filter>Header Files</Filter>
    </ClInclude>
    <ClInclude Include="DlgPosInfo.h">
      <Filter>Header Files</Filter>
    </ClInclude>
    <ClInclude Include="DlgPrompt.h">
      <Filter>Header Files</Filter>
    </ClInclude>
    <ClInclude Include="DlgProudSet.h">
      <Filter>Header Files</Filter>
    </ClInclude>
    <ClInclude Include="DlgRCD.h">
      <Filter>Header Files</Filter>
    </ClInclude>
    <ClInclude Include="DlgRepair.h">
      <Filter>Header Files</Filter>
    </ClInclude>
    <ClInclude Include="DlgRunInfo.h">
      <Filter>Header Files</Filter>
    </ClInclude>
    <ClInclude Include="DlgSetMark.h">
      <Filter>Header Files</Filter>
    </ClInclude>
    <ClInclude Include="DlgSetPosition.h">
      <Filter>Header Files</Filter>
    </ClInclude>
    <ClInclude Include="DlgURLPrompt.h">
      <Filter>Header Files</Filter>
    </ClInclude>
    <ClInclude Include="DlgValveHeat.h">
      <Filter>Header Files</Filter>
    </ClInclude>
    <ClInclude Include="EncryptOp.h">
      <Filter>Header Files</Filter>
    </ClInclude>
    <ClInclude Include="Function.h">
      <Filter>Header Files</Filter>
    </ClInclude>
    <ClInclude Include="GTS400Ex.h">
      <Filter>Header Files</Filter>
    </ClInclude>
    <ClInclude Include="ImgMarkGeoSet.h">
      <Filter>Header Files</Filter>
    </ClInclude>
    <ClInclude Include="ImgStatic.h">
      <Filter>Header Files</Filter>
    </ClInclude>
    <ClInclude Include="JogButton.h">
      <Filter>Header Files</Filter>
    </ClInclude>
    <ClInclude Include="KSColorDef.h">
      <Filter>Header Files</Filter>
    </ClInclude>
    <ClInclude Include="KShvdh.h">
      <Filter>Header Files</Filter>
    </ClInclude>
    <ClInclude Include="LogFile.h">
      <Filter>Header Files</Filter>
    </ClInclude>
    <ClInclude Include="MainFrm.h">
      <Filter>Header Files</Filter>
    </ClInclude>
    <ClInclude Include="MilApp.h">
      <Filter>Header Files</Filter>
    </ClInclude>
    <ClInclude Include="MyButton.h">
      <Filter>Header Files</Filter>
    </ClInclude>
    <ClInclude Include="OutputWnd.h">
      <Filter>Header Files</Filter>
    </ClInclude>
    <ClInclude Include="PageFactory.h">
      <Filter>Header Files</Filter>
    </ClInclude>
    <ClInclude Include="PagePLC.h">
      <Filter>Header Files</Filter>
    </ClInclude>
    <ClInclude Include="paramdef.h">
      <Filter>Header Files</Filter>
    </ClInclude>
    <ClInclude Include="PointGreyCam.h">
      <Filter>Header Files</Filter>
    </ClInclude>
    <ClInclude Include="PropertiesWnd.h">
      <Filter>Header Files</Filter>
    </ClInclude>
    <ClInclude Include="Resource.h">
      <Filter>Header Files</Filter>
    </ClInclude>
    <ClInclude Include="RFIDPublic.h">
      <Filter>Header Files</Filter>
    </ClInclude>
    <ClInclude Include="SerialPort.h">
      <Filter>Header Files</Filter>
    </ClInclude>
    <ClInclude Include="SocketUdp.h">
      <Filter>Header Files</Filter>
    </ClInclude>
    <ClInclude Include="stdafx.h">
      <Filter>Header Files</Filter>
    </ClInclude>
    <ClInclude Include="StsStatic.h">
      <Filter>Header Files</Filter>
    </ClInclude>
    <ClInclude Include="targetver.h">
      <Filter>Header Files</Filter>
    </ClInclude>
    <ClInclude Include="TimeUtil.h">
      <Filter>Header Files</Filter>
    </ClInclude>
    <ClInclude Include="Ts_DhCamera.h">
      <Filter>Header Files</Filter>
    </ClInclude>
    <ClInclude Include="TSCtrlSys.h">
      <Filter>Header Files</Filter>
    </ClInclude>
    <ClInclude Include="TSCtrlSysDoc.h">
      <Filter>Header Files</Filter>
    </ClInclude>
    <ClInclude Include="TSCtrlSysView.h">
      <Filter>Header Files</Filter>
    </ClInclude>
    <ClInclude Include="UserManage.h">
      <Filter>Header Files</Filter>
    </ClInclude>
    <ClInclude Include="UserRegister.h">
      <Filter>Header Files</Filter>
    </ClInclude>
    <ClInclude Include="V9Control.h">
      <Filter>Header Files</Filter>
    </ClInclude>
    <ClInclude Include="V9Param.h">
      <Filter>Header Files</Filter>
    </ClInclude>
    <ClInclude Include="XPButton.h">
      <Filter>Header Files</Filter>
    </ClInclude>
  </ItemGroup>
  <ItemGroup>
    <None Include="res\bitmap1.bmp">
      <Filter>Resource Files</Filter>
    </None>
    <None Include="res\bitmap2.bmp">
      <Filter>Resource Files</Filter>
    </None>
    <None Include="res\bmp00001.bmp">
      <Filter>Resource Files</Filter>
    </None>
    <None Include="res\bmp00002.bmp">
      <Filter>Resource Files</Filter>
    </None>
    <None Include="res\bmp00003.bmp">
      <Filter>Resource Files</Filter>
    </None>
    <None Include="res\bmp00004.bmp">
      <Filter>Resource Files</Filter>
    </None>
    <None Include="res\f.bmp">
      <Filter>Resource Files</Filter>
    </None>
    <None Include="res\f1.bmp">
      <Filter>Resource Files</Filter>
    </None>
    <None Include="res\HA.bmp">
      <Filter>Resource Files</Filter>
    </None>
    <None Include="res\HB.bmp">
      <Filter>Resource Files</Filter>
    </None>
    <None Include="res\icon1.ico">
      <Filter>Resource Files</Filter>
    </None>
    <None Include="res\mainfram.bmp">
      <Filter>Resource Files</Filter>
    </None>
    <None Include="res\nav_large.bmp">
      <Filter>Resource Files</Filter>
    </None>
    <None Include="res\nav_large_hc.bmp">
      <Filter>Resource Files</Filter>
    </None>
    <None Include="res\output_wnd.ico">
      <Filter>Resource Files</Filter>
    </None>
    <None Include="res\output_wnd_hc.ico">
      <Filter>Resource Files</Filter>
    </None>
    <None Include="res\pages.bmp">
      <Filter>Resource Files</Filter>
    </None>
    <None Include="res\pages_hc.bmp">
      <Filter>Resource Files</Filter>
    </None>
    <None Include="res\pages_small.bmp">
      <Filter>Resource Files</Filter>
    </None>
    <None Include="res\pages_small_hc.bmp">
      <Filter>Resource Files</Filter>
    </None>
    <None Include="res\properties.bmp">
      <Filter>Resource Files</Filter>
    </None>
    <None Include="res\properties_hc.bmp">
      <Filter>Resource Files</Filter>
    </None>
    <None Include="res\properties_wnd.ico">
      <Filter>Resource Files</Filter>
    </None>
    <None Include="res\properties_wnd_hc.ico">
      <Filter>Resource Files</Filter>
    </None>
    <None Include="res\sensorOff.bmp">
      <Filter>Resource Files</Filter>
    </None>
    <None Include="res\sensorOn.bmp">
      <Filter>Resource Files</Filter>
    </None>
    <None Include="res\Toolbar.bmp">
      <Filter>Resource Files</Filter>
    </None>
    <None Include="..\..\..\4-16\TSCtrlSys-Image--331\TSCtrlSys\res\Toolbar256.bmp">
      <Filter>Resource Files</Filter>
    </None>
    <None Include="..\..\..\..\FAD9000\FAD9000代码\4-28\TSCtrlSys-Image--331\TSCtrlSys\res\Toolbar256.bmp">
      <Filter>Resource Files</Filter>
    </None>
    <None Include="res\Toolbar256.bmp">
      <Filter>Resource Files</Filter>
    </None>
    <None Include="..\..\..\4-28\TSCtrlSys-Image--331\TSCtrlSys\res\Toolbar256.bmp">
      <Filter>Resource Files</Filter>
    </None>
    <None Include="res\TSCtrlSys.ico">
      <Filter>Resource Files</Filter>
    </None>
    <None Include="res\TSCtrlSys.rc2">
      <Filter>Resource Files</Filter>
    </None>
    <None Include="res\TSCtrlSysDoc.ico">
      <Filter>Resource Files</Filter>
    </None>
    <None Include="UserImages.bmp">
      <Filter>Resource Files</Filter>
    </None>
    <None Include="ReadMe.txt" />
    <None Include="TSCtrlSys.reg" />
  </ItemGroup>
  <ItemGroup>
    <ResourceCompile Include="TSCtrlSys.rc">
      <Filter>Resource Files</Filter>
    </ResourceCompile>
  </ItemGroup>
  <ItemGroup>
    <Manifest Include="res\XPStyle.manifest" />
  </ItemGroup>
</Project>